type: object
properties:
  caller:
    anyOf:
      - $ref: ../schemas/AnthropicDirectCaller.yaml
      - $ref: ../schemas/AnthropicServerToolCaller.yaml
      - $ref: ../schemas/AnthropicServerToolCaller20260120.yaml
    description: Tool invocation directly from the model.
  content:
    $ref: ../schemas/AnthropicWebSearchToolResultBlockContent.yaml
  tool_use_id:
    type: string
  type:
    type: string
    const: web_search_tool_result
    enum:
      - web_search_tool_result
required:
  - caller
  - content
  - tool_use_id
  - type
