type: object
properties:
  id:
    type: string
    description: Id.
  caller:
    anyOf:
      - $ref: ../schemas/AnthropicDirectCaller.yaml
      - $ref: ../schemas/AnthropicServerToolCaller.yaml
      - $ref: ../schemas/AnthropicServerToolCaller20260120.yaml
    description: Tool invocation directly from the model.
  input:
    type: object
    additionalProperties: true
    description: Input.
  name:
    type: string
    description: Name.
  type:
    type: string
    const: tool_use
    enum:
      - tool_use
    description: Must be `tool_use`.
required:
  - id
  - caller
  - input
  - name
  - type
