type: object
properties:
  tool_name:
    type: string
  type:
    type: string
    const: tool_reference
    enum:
    - tool_reference
  cache_control:
    $ref: ../schemas/AnthropicCacheControl.yaml
    description: Create a cache control breakpoint at this content block.
required:
- tool_name
- type
description: Tool reference block that can be included in tool_result content.
