type: object
properties:
  content:
    anyOf:
      - $ref: ../schemas/AnthropicTextEditorCodeExecutionToolResultError.yaml
      - $ref: ../schemas/AnthropicTextEditorCodeExecutionViewResultBlock.yaml
      - $ref: ../schemas/AnthropicTextEditorCodeExecutionCreateResultBlock.yaml
      - $ref: ../schemas/AnthropicTextEditorCodeExecutionStrReplaceResultBlock.yaml
    description: Content.
  tool_use_id:
    type: string
    description: Tool use ID.
  type:
    type: string
    const: text_editor_code_execution_tool_result
    enum:
      - text_editor_code_execution_tool_result
    description: Must be `text_editor_code_execution_tool_result`.
required:
  - content
  - tool_use_id
  - type
