type: object
properties:
  is_file_update:
    type: boolean
    description: Is file update.
  type:
    type: string
    const: text_editor_code_execution_create_result
    enum:
      - text_editor_code_execution_create_result
    description: Must be `text_editor_code_execution_create_result`.
required:
  - is_file_update
  - type
