type: object
properties:
  type:
    type: string
    description: Type.
  text:
    type: string
    description: Text.
  annotations:
    anyOf:
      - type: array
        items: {}
      - type: "null"
    description: Annotations.
  logprobs:
    anyOf:
      - $ref: "../schemas/ContentBlockLogprobs.yaml"
      - type: "null"
    description: Logprobs.
required:
  - type
  - text
additionalProperties: false
