type: object
properties:
  type:
    type: string
  text:
    type: string
  annotations:
    anyOf:
      - type: array
        items: {}
      - type: "null"
  logprobs:
    anyOf:
      - $ref: "../schemas/ContentBlockLogprobs.yaml"
      - type: "null"
required:
  - type
  - text
additionalProperties: false
